
Microsoft Visual Studio Solution File, Format Version 12.00
# Visual Studio Version 17
VisualStudioVersion = 17.3.32825.248
MinimumVisualStudioVersion = 10.0.40219.1
Project("{FAE04EC0-301F-11D3-BF4B-00C04F79EFBC}") = "WindowsFormsApp11", "WindowsFormsApp11\WindowsFormsApp11.csproj", "{DFBB3739-8EB4-4F64-8B60-E7F140A42031}"
EndProject
Global
	GlobalSection(SolutionConfigurationPlatforms) = preSolution
		Debug|Any CPU = Debug|Any CPU
		Release|Any CPU = Release|Any CPU
	EndGlobalSection
	GlobalSection(ProjectConfigurationPlatforms) = postSolution
		{DFBB3739-8EB4-4F64-8B60-E7F140A42031}.Debug|Any CPU.ActiveCfg = Debug|Any CPU
		{DFBB3739-8EB4-4F64-8B60-E7F140A42031}.Debug|Any CPU.Build.0 = Debug|Any CPU
		{DFBB3739-8EB4-4F64-8B60-E7F140A42031}.Release|Any CPU.ActiveCfg = Release|Any CPU
		{DFBB3739-8EB4-4F64-8B60-E7F140A42031}.Release|Any CPU.Build.0 = Release|Any CPU
	EndGlobalSection
	GlobalSection(SolutionProperties) = preSolution
		HideSolutionNode = FALSE
	EndGlobalSection
	GlobalSection(ExtensibilityGlobals) = postSolution
		SolutionGuid = {69F6EEB7-4E15-4FC2-AAD6-0902A8C7E2B7}
	EndGlobalSection
EndGlobal
